
Microsoft Visual Studio Solution File, Format Version 12.00
# Visual Studio Version 17
VisualStudioVersion = 17.12.35707.178
MinimumVisualStudioVersion = 10.0.40219.1
Project("{FAE04EC0-301F-11D3-BF4B-00C04F79EFBC}") = "BeautyParlourAPIWebApp", "BeautyParlourAPIWebApp\BeautyParlourAPIWebApp.csproj", "{3ACE35DF-2371-4C66-9508-2F587A90862C}"
EndProject
Project("{FAE04EC0-301F-11D3-BF4B-00C04F79EFBC}") = "BeautyParlourAPIWebApp.Tests", "BeautyParlourAPIWebApp.Tests\BeautyParlourAPIWebApp.Tests.csproj", "{EF799C4A-51FC-4965-81C8-1FB2FD1CE113}"
EndProject
Global
	GlobalSection(SolutionConfigurationPlatforms) = preSolution
		Debug|Any CPU = Debug|Any CPU
		Release|Any CPU = Release|Any CPU
	EndGlobalSection
	GlobalSection(ProjectConfigurationPlatforms) = postSolution
		{3ACE35DF-2371-4C66-9508-2F587A90862C}.Debug|Any CPU.ActiveCfg = Debug|Any CPU
		{3ACE35DF-2371-4C66-9508-2F587A90862C}.Debug|Any CPU.Build.0 = Debug|Any CPU
		{3ACE35DF-2371-4C66-9508-2F587A90862C}.Release|Any CPU.ActiveCfg = Release|Any CPU
		{3ACE35DF-2371-4C66-9508-2F587A90862C}.Release|Any CPU.Build.0 = Release|Any CPU
		{EF799C4A-51FC-4965-81C8-1FB2FD1CE113}.Debug|Any CPU.ActiveCfg = Debug|Any CPU
		{EF799C4A-51FC-4965-81C8-1FB2FD1CE113}.Debug|Any CPU.Build.0 = Debug|Any CPU
		{EF799C4A-51FC-4965-81C8-1FB2FD1CE113}.Release|Any CPU.ActiveCfg = Release|Any CPU
		{EF799C4A-51FC-4965-81C8-1FB2FD1CE113}.Release|Any CPU.Build.0 = Release|Any CPU
	EndGlobalSection
	GlobalSection(SolutionProperties) = preSolution
		HideSolutionNode = FALSE
	EndGlobalSection
EndGlobal
